// !$*UTF8*$!
{
	archiveVersion = 1;
	classes = {
	};
	objectVersion = 50;
	objects = {

/* Begin PBXBuildFile section */
		3960907F21F860A400F76A1F /* NothingFoundCell.xib in Resources */ = {isa = PBXBuildFile; fileRef = 3960907E21F860A400F76A1F /* NothingFoundCell.xib */; };
		39A0E44E21F7776200F23220 /* SearchResult.swift in Sources */ = {isa = PBXBuildFile; fileRef = 39A0E44D21F7776200F23220 /* SearchResult.swift */; };
		39A0E45321F77FB900F23220 /* SearchResultCell.swift in Sources */ = {isa = PBXBuildFile; fileRef = 39A0E45121F77FB900F23220 /* SearchResultCell.swift */; };
		39A0E45421F77FB900F23220 /* SearchResultCell.xib in Resources */ = {isa = PBXBuildFile; fileRef = 39A0E45221F77FB900F23220 /* SearchResultCell.xib */; };
		39A526CD21F713F000F3A993 /* AppDelegate.swift in Sources */ = {isa = PBXBuildFile; fileRef = 39A526CC21F713F000F3A993 /* AppDelegate.swift */; };
		39A526CF21F713F000F3A993 /* SearchViewController.swift in Sources */ = {isa = PBXBuildFile; fileRef = 39A526CE21F713F000F3A993 /* SearchViewController.swift */; };
		39A526D221F713F000F3A993 /* Main.storyboard in Resources */ = {isa = PBXBuildFile; fileRef = 39A526D021F713F000F3A993 /* Main.storyboard */; };
		39A526D421F713F200F3A993 /* Assets.xcassets in Resources */ = {isa = PBXBuildFile; fileRef = 39A526D321F713F200F3A993 /* Assets.xcassets */; };
		39A526D721F713F200F3A993 /* LaunchScreen.storyboard in Resources */ = {isa = PBXBuildFile; fileRef = 39A526D521F713F200F3A993 /* LaunchScreen.storyboard */; };
		39A526E221F713F200F3A993 /* StoreSearchTests.swift in Sources */ = {isa = PBXBuildFile; fileRef = 39A526E121F713F200F3A993 /* StoreSearchTests.swift */; };
/* End PBXBuildFile section */

/* Begin PBXContainerItemProxy section */
		39A526DE21F713F200F3A993 /* PBXContainerItemProxy */ = {
			isa = PBXContainerItemProxy;
			containerPortal = 39A526C121F713F000F3A993 /* Project object */;
			proxyType = 1;
			remoteGlobalIDString = 39A526C821F713F000F3A993;
			remoteInfo = StoreSearch;
		};
/* End PBXContainerItemProxy section */

/* Begin PBXFileReference section */
		3960907E21F860A400F76A1F /* NothingFoundCell.xib */ = {isa = PBXFileReference; lastKnownFileType = file.xib; path = NothingFoundCell.xib; sourceTree = "<group>"; };
		39A0E44D21F7776200F23220 /* SearchResult.swift */ = {isa = PBXFileReference; lastKnownFileType = sourcecode.swift; path = SearchResult.swift; sourceTree = "<group>"; };
		39A0E45121F77FB900F23220 /* SearchResultCell.swift */ = {isa = PBXFileReference; lastKnownFileType = sourcecode.swift; path = SearchResultCell.swift; sourceTree = "<group>"; };
		39A0E45221F77FB900F23220 /* SearchResultCell.xib */ = {isa = PBXFileReference; lastKnownFileType = file.xib; path = SearchResultCell.xib; sourceTree = "<group>"; };
		39A526C921F713F000F3A993 /* StoreSearch.app */ = {isa = PBXFileReference; explicitFileType = wrapper.application; includeInIndex = 0; path = StoreSearch.app; sourceTree = BUILT_PRODUCTS_DIR; };
		39A526CC21F713F000F3A993 /* AppDelegate.swift */ = {isa = PBXFileReference; lastKnownFileType = sourcecode.swift; path = AppDelegate.swift; sourceTree = "<group>"; };
		39A526CE21F713F000F3A993 /* SearchViewController.swift */ = {isa = PBXFileReference; lastKnownFileType = sourcecode.swift; path = SearchViewController.swift; sourceTree = "<group>"; };
		39A526D121F713F000F3A993 /* Base */ = {isa = PBXFileReference; lastKnownFileType = file.storyboard; name = Base; path = Base.lproj/Main.storyboard; sourceTree = "<group>"; };
		39A526D321F713F200F3A993 /* Assets.xcassets */ = {isa = PBXFileReference; lastKnownFileType = folder.assetcatalog; path = Assets.xcassets; sourceTree = "<group>"; };
		39A526D621F713F200F3A993 /* Base */ = {isa = PBXFileReference; lastKnownFileType = file.storyboard; name = Base; path = Base.lproj/LaunchScreen.storyboard; sourceTree = "<group>"; };
		39A526D821F713F200F3A993 /* Info.plist */ = {isa = PBXFileReference; lastKnownFileType = text.plist.xml; path = Info.plist; sourceTree = "<group>"; };
		39A526DD21F713F200F3A993 /* StoreSearchTests.xctest */ = {isa = PBXFileReference; explicitFileType = wrapper.cfbundle; includeInIndex = 0; path = StoreSearchTests.xctest; sourceTree = BUILT_PRODUCTS_DIR; };
		39A526E121F713F200F3A993 /* StoreSearchTests.swift */ = {isa = PBXFileReference; lastKnownFileType = sourcecode.swift; path = StoreSearchTests.swift; sourceTree = "<group>"; };
		39A526E321F713F200F3A993 /* Info.plist */ = {isa = PBXFileReference; lastKnownFileType = text.plist.xml; path = Info.plist; sourceTree = "<group>"; };
/* End PBXFileReference section */

/* Begin PBXFrameworksBuildPhase section */
		39A526C621F713F000F3A993 /* Frameworks */ = {
			isa = PBXFrameworksBuildPhase;
			buildActionMask = 2147483647;
			files = (
			);
			runOnlyForDeploymentPostprocessing = 0;
		};
		39A526DA21F713F200F3A993 /* Frameworks */ = {
			isa = PBXFrameworksBuildPhase;
			buildActionMask = 2147483647;
			files = (
			);
			runOnlyForDeploymentPostprocessing = 0;
		};
/* End PBXFrameworksBuildPhase section */

/* Begin PBXGroup section */
		39A526C021F713F000F3A993 = {
			isa = PBXGroup;
			children = (
				39A526CB21F713F000F3A993 /* StoreSearch */,
				39A526E021F713F200F3A993 /* StoreSearchTests */,
				39A526CA21F713F000F3A993 /* Products */,
			);
			sourceTree = "<group>";
		};
		39A526CA21F713F000F3A993 /* Products */ = {
			isa = PBXGroup;
			children = (
				39A526C921F713F000F3A993 /* StoreSearch.app */,
				39A526DD21F713F200F3A993 /* StoreSearchTests.xctest */,
			);
			name = Products;
			sourceTree = "<group>";
		};
		39A526CB21F713F000F3A993 /* StoreSearch */ = {
			isa = PBXGroup;
			children = (
				39A526CC21F713F000F3A993 /* AppDelegate.swift */,
				39A526CE21F713F000F3A993 /* SearchViewController.swift */,
				39A526D021F713F000F3A993 /* Main.storyboard */,
				39A526D321F713F200F3A993 /* Assets.xcassets */,
				39A526D521F713F200F3A993 /* LaunchScreen.storyboard */,
				39A526D821F713F200F3A993 /* Info.plist */,
				39A0E44D21F7776200F23220 /* SearchResult.swift */,
				39A0E45121F77FB900F23220 /* SearchResultCell.swift */,
				39A0E45221F77FB900F23220 /* SearchResultCell.xib */,
				3960907E21F860A400F76A1F /* NothingFoundCell.xib */,
			);
			path = StoreSearch;
			sourceTree = "<group>";
		};
		39A526E021F713F200F3A993 /* StoreSearchTests */ = {
			isa = PBXGroup;
			children = (
				39A526E121F713F200F3A993 /* StoreSearchTests.swift */,
				39A526E321F713F200F3A993 /* Info.plist */,
			);
			path = StoreSearchTests;
			sourceTree = "<group>";
		};
/* End PBXGroup section */

/* Begin PBXNativeTarget section */
		39A526C821F713F000F3A993 /* StoreSearch */ = {
			isa = PBXNativeTarget;
			buildConfigurationList = 39A526E621F713F200F3A993 /* Build configuration list for PBXNativeTarget "StoreSearch" */;
			buildPhases = (
				39A526C521F713F000F3A993 /* Sources */,
				39A526C621F713F000F3A993 /* Frameworks */,
				39A526C721F713F000F3A993 /* Resources */,
			);
			buildRules = (
			);
			dependencies = (
			);
			name = StoreSearch;
			productName = StoreSearch;
			productReference = 39A526C921F713F000F3A993 /* StoreSearch.app */;
			productType = "com.apple.product-type.application";
		};
		39A526DC21F713F200F3A993 /* StoreSearchTests */ = {
			isa = PBXNativeTarget;
			buildConfigurationList = 39A526E921F713F200F3A993 /* Build configuration list for PBXNativeTarget "StoreSearchTests" */;
			buildPhases = (
				39A526D921F713F200F3A993 /* Sources */,
				39A526DA21F713F200F3A993 /* Frameworks */,
				39A526DB21F713F200F3A993 /* Resources */,
			);
			buildRules = (
			);
			dependencies = (
				39A526DF21F713F200F3A993 /* PBXTargetDependency */,
			);
			name = StoreSearchTests;
			productName = StoreSearchTests;
			productReference = 39A526DD21F713F200F3A993 /* StoreSearchTests.xctest */;
			productType = "com.apple.product-type.bundle.unit-test";
		};
/* End PBXNativeTarget section */

/* Begin PBXProject section */
		39A526C121F713F000F3A993 /* Project object */ = {
			isa = PBXProject;
			attributes = {
				LastSwiftUpdateCheck = 1010;
				LastUpgradeCheck = 1010;
				ORGANIZATIONNAME = "Radmas Technologies";
				TargetAttributes = {
					39A526C821F713F000F3A993 = {
						CreatedOnToolsVersion = 10.1;
					};
					39A526DC21F713F200F3A993 = {
						CreatedOnToolsVersion = 10.1;
						TestTargetID = 39A526C821F713F000F3A993;
					};
				};
			};
			buildConfigurationList = 39A526C421F713F000F3A993 /* Build configuration list for PBXProject "StoreSearch" */;
			compatibilityVersion = "Xcode 9.3";
			developmentRegion = en;
			hasScannedForEncodings = 0;
			knownRegions = (
				en,
				Base,
			);
			mainGroup = 39A526C021F713F000F3A993;
			productRefGroup = 39A526CA21F713F000F3A993 /* Products */;
			projectDirPath = "";
			projectRoot = "";
			targets = (
				39A526C821F713F000F3A993 /* StoreSearch */,
				39A526DC21F713F200F3A993 /* StoreSearchTests */,
			);
		};
/* End PBXProject section */

/* Begin PBXResourcesBuildPhase section */
		39A526C721F713F000F3A993 /* Resources */ = {
			isa = PBXResourcesBuildPhase;
			buildActionMask = 2147483647;
			files = (
				39A526D721F713F200F3A993 /* LaunchScreen.storyboard in Resources */,
				39A526D421F713F200F3A993 /* Assets.xcassets in Resources */,
				39A0E45421F77FB900F23220 /* SearchResultCell.xib in Resources */,
				3960907F21F860A400F76A1F /* NothingFoundCell.xib in Resources */,
				39A526D221F713F000F3A993 /* Main.storyboard in Resources */,
			);
			runOnlyForDeploymentPostprocessing = 0;
		};
		39A526DB21F713F200F3A993 /* Resources */ = {
			isa = PBXResourcesBuildPhase;
			buildActionMask = 2147483647;
			files = (
			);
			runOnlyForDeploymentPostprocessing = 0;
		};
/* End PBXResourcesBuildPhase section */

/* Begin PBXSourcesBuildPhase section */
		39A526C521F713F000F3A993 /* Sources */ = {
			isa = PBXSourcesBuildPhase;
			buildActionMask = 2147483647;
			files = (
				39A526CF21F713F000F3A993 /* SearchViewController.swift in Sources */,
				39A0E44E21F7776200F23220 /* SearchResult.swift in Sources */,
				39A0E45321F77FB900F23220 /* SearchResultCell.swift in Sources */,
				39A526CD21F713F000F3A993 /* AppDelegate.swift in Sources */,
			);
			runOnlyForDeploymentPostprocessing = 0;
		};
		39A526D921F713F200F3A993 /* Sources */ = {
			isa = PBXSourcesBuildPhase;
			buildActionMask = 2147483647;
			files = (
				39A526E221F713F200F3A993 /* StoreSearchTests.swift in Sources */,
			);
			runOnlyForDeploymentPostprocessing = 0;
		};
/* End PBXSourcesBuildPhase section */

/* Begin PBXTargetDependency section */
		39A526DF21F713F200F3A993 /* PBXTargetDependency */ = {
			isa = PBXTargetDependency;
			target = 39A526C821F713F000F3A993 /* StoreSearch */;
			targetProxy = 39A526DE21F713F200F3A993 /* PBXContainerItemProxy */;
		};
/* End PBXTargetDependency section */

/* Begin PBXVariantGroup section */
		39A526D021F713F000F3A993 /* Main.storyboard */ = {
			isa = PBXVariantGroup;
			children = (
				39A526D121F713F000F3A993 /* Base */,
			);
			name = Main.storyboard;
			sourceTree = "<group>";
		};
		39A526D521F713F200F3A993 /* LaunchScreen.storyboard */ = {
			isa = PBXVariantGroup;
			children = (
				39A526D621F713F200F3A993 /* Base */,
			);
			name = LaunchScreen.storyboard;
			sourceTree = "<group>";
		};
/* End PBXVariantGroup section */

/* Begin XCBuildConfiguration section */
		39A526E421F713F200F3A993 /* Debug */ = {
			isa = XCBuildConfiguration;
			buildSettings = {
				ALWAYS_SEARCH_USER_PATHS = NO;
				CLANG_ANALYZER_NONNULL = YES;
				CLANG_ANALYZER_NUMBER_OBJECT_CONVERSION = YES_AGGRESSIVE;
				CLANG_CXX_LANGUAGE_STANDARD = "gnu++14";
				CLANG_CXX_LIBRARY = "libc++";
				CLANG_ENABLE_MODULES = YES;
				CLANG_ENABLE_OBJC_ARC = YES;
				CLANG_ENABLE_OBJC_WEAK = YES;
				CLANG_WARN_BLOCK_CAPTURE_AUTORELEASING = YES;
				CLANG_WARN_BOOL_CONVERSION = YES;
				CLANG_WARN_COMMA = YES;
				CLANG_WARN_CONSTANT_CONVERSION = YES;
				CLANG_WARN_DEPRECATED_OBJC_IMPLEMENTATIONS = YES;
				CLANG_WARN_DIRECT_OBJC_ISA_USAGE = YES_ERROR;
				CLANG_WARN_DOCUMENTATION_COMMENTS = YES;
				CLANG_WARN_EMPTY_BODY = YES;
				CLANG_WARN_ENUM_CONVERSION = YES;
				CLANG_WARN_INFINITE_RECURSION = YES;
				CLANG_WARN_INT_CONVERSION = YES;
				CLANG_WARN_NON_LITERAL_NULL_CONVERSION = YES;
				CLANG_WARN_OBJC_IMPLICIT_RETAIN_SELF = YES;
				CLANG_WARN_OBJC_LITERAL_CONVERSION = YES;
				CLANG_WARN_OBJC_ROOT_CLASS = YES_ERROR;
				CLANG_WARN_RANGE_LOOP_ANALYSIS = YES;
				CLANG_WARN_STRICT_PROTOTYPES = YES;
				CLANG_WARN_SUSPICIOUS_MOVE = YES;
				CLANG_WARN_UNGUARDED_AVAILABILITY = YES_AGGRESSIVE;
				CLANG_WARN_UNREACHABLE_CODE = YES;
				CLANG_WARN__DUPLICATE_METHOD_MATCH = YES;
				CODE_SIGN_IDENTITY = "iPhone Developer";
				COPY_PHASE_STRIP = NO;
				DEBUG_INFORMATION_FORMAT = dwarf;
				ENABLE_STRICT_OBJC_MSGSEND = YES;
				ENABLE_TESTABILITY = YES;
				GCC_C_LANGUAGE_STANDARD = gnu11;
				GCC_DYNAMIC_NO_PIC = NO;
				GCC_NO_COMMON_BLOCKS = YES;
				GCC_OPTIMIZATION_LEVEL = 0;
				GCC_PREPROCESSOR_DEFINITIONS = (
					"DEBUG=1",
					"$(inherited)",
				);
				GCC_WARN_64_TO_32_BIT_CONVERSION = YES;
				GCC_WARN_ABOUT_RETURN_TYPE = YES_ERROR;
				GCC_WARN_UNDECLARED_SELECTOR = YES;
				GCC_WARN_UNINITIALIZED_AUTOS = YES_AGGRESSIVE;
				GCC_WARN_UNUSED_FUNCTION = YES;
				GCC_WARN_UNUSED_VARIABLE = YES;
				IPHONEOS_DEPLOYMENT_TARGET = 12.1;
				MTL_ENABLE_DEBUG_INFO = INCLUDE_SOURCE;
				MTL_FAST_MATH = YES;
				ONLY_ACTIVE_ARCH = YES;
				SDKROOT = iphoneos;
				SWIFT_ACTIVE_COMPILATION_CONDITIONS = DEBUG;
				SWIFT_OPTIMIZATION_LEVEL = "-Onone";
			};
			name = Debug;
		};
		39A526E521F713F200F3A993 /* Release */ = {
			isa = XCBuildConfiguration;
			buildSettings = {
				ALWAYS_SEARCH_USER_PATHS = NO;
				CLANG_ANALYZER_NONNULL = YES;
				CLANG_ANALYZER_NUMBER_OBJECT_CONVERSION = YES_AGGRESSIVE;
				CLANG_CXX_LANGUAGE_STANDARD = "gnu++14";
				CLANG_CXX_LIBRARY = "libc++";
				CLANG_ENABLE_MODULES = YES;
				CLANG_ENABLE_OBJC_ARC = YES;
				CLANG_ENABLE_OBJC_WEAK = YES;
				CLANG_WARN_BLOCK_CAPTURE_AUTORELEASING = YES;
				CLANG_WARN_BOOL_CONVERSION = YES;
				CLANG_WARN_COMMA = YES;
				CLANG_WARN_CONSTANT_CONVERSION = YES;
				CLANG_WARN_DEPRECATED_OBJC_IMPLEMENTATIONS = YES;
				CLANG_WARN_DIRECT_OBJC_ISA_USAGE = YES_ERROR;
				CLANG_WARN_DOCUMENTATION_COMMENTS = YES;
				CLANG_WARN_EMPTY_BODY = YES;
				CLANG_WARN_ENUM_CONVERSION = YES;
				CLANG_WARN_INFINITE_RECURSION = YES;
				CLANG_WARN_INT_CONVERSION = YES;
				CLANG_WARN_NON_LITERAL_NULL_CONVERSION = YES;
				CLANG_WARN_OBJC_IMPLICIT_RETAIN_SELF = YES;
				CLANG_WARN_OBJC_LITERAL_CONVERSION = YES;
				CLANG_WARN_OBJC_ROOT_CLASS = YES_ERROR;
				CLANG_WARN_RANGE_LOOP_ANALYSIS = YES;
				CLANG_WARN_STRICT_PROTOTYPES = YES;
				CLANG_WARN_SUSPICIOUS_MOVE = YES;
				CLANG_WARN_UNGUARDED_AVAILABILITY = YES_AGGRESSIVE;
				CLANG_WARN_UNREACHABLE_CODE = YES;
				CLANG_WARN__DUPLICATE_METHOD_MATCH = YES;
				CODE_SIGN_IDENTITY = "iPhone Developer";
				COPY_PHASE_STRIP = NO;
				DEBUG_INFORMATION_FORMAT = "dwarf-with-dsym";
				ENABLE_NS_ASSERTIONS = NO;
				ENABLE_STRICT_OBJC_MSGSEND = YES;
				GCC_C_LANGUAGE_STANDARD = gnu11;
				GCC_NO_COMMON_BLOCKS = YES;
				GCC_WARN_64_TO_32_BIT_CONVERSION = YES;
				GCC_WARN_ABOUT_RETURN_TYPE = YES_ERROR;
				GCC_WARN_UNDECLARED_SELECTOR = YES;
				GCC_WARN_UNINITIALIZED_AUTOS = YES_AGGRESSIVE;
				GCC_WARN_UNUSED_FUNCTION = YES;
				GCC_WARN_UNUSED_VARIABLE = YES;
				IPHONEOS_DEPLOYMENT_TARGET = 12.1;
				MTL_ENABLE_DEBUG_INFO = NO;
				MTL_FAST_MATH = YES;
				SDKROOT = iphoneos;
				SWIFT_COMPILATION_MODE = wholemodule;
				SWIFT_OPTIMIZATION_LEVEL = "-O";
				VALIDATE_PRODUCT = YES;
			};
			name = Release;
		};
		39A526E721F713F200F3A993 /* Debug */ = {
			isa = XCBuildConfiguration;
			buildSettings = {
				ASSETCATALOG_COMPILER_APPICON_NAME = AppIcon;
				CODE_SIGN_STYLE = Automatic;
				INFOPLIST_FILE = StoreSearch/Info.plist;
				LD_RUNPATH_SEARCH_PATHS = (
					"$(inherited)",
					"@executable_path/Frameworks",
				);
				PRODUCT_BUNDLE_IDENTIFIER = denis.com.StoreSearch;
				PRODUCT_NAME = "$(TARGET_NAME)";
				SWIFT_VERSION = 4.2;
				TARGETED_DEVICE_FAMILY = "1,2";
			};
			name = Debug;
		};
		39A526E821F713F200F3A993 /* Release */ = {
			isa = XCBuildConfiguration;
			buildSettings = {
				ASSETCATALOG_COMPILER_APPICON_NAME = AppIcon;
				CODE_SIGN_STYLE = Automatic;
				INFOPLIST_FILE = StoreSearch/Info.plist;
				LD_RUNPATH_SEARCH_PATHS = (
					"$(inherited)",
					"@executable_path/Frameworks",
				);
				PRODUCT_BUNDLE_IDENTIFIER = denis.com.StoreSearch;
				PRODUCT_NAME = "$(TARGET_NAME)";
				SWIFT_VERSION = 4.2;
				TARGETED_DEVICE_FAMILY = "1,2";
			};
			name = Release;
		};
		39A526EA21F713F200F3A993 /* Debug */ = {
			isa = XCBuildConfiguration;
			buildSettings = {
				ALWAYS_EMBED_SWIFT_STANDARD_LIBRARIES = YES;
				BUNDLE_LOADER = "$(TEST_HOST)";
				CODE_SIGN_STYLE = Automatic;
				INFOPLIST_FILE = StoreSearchTests/Info.plist;
				LD_RUNPATH_SEARCH_PATHS = (
					"$(inherited)",
					"@executable_path/Frameworks",
					"@loader_path/Frameworks",
				);
				PRODUCT_BUNDLE_IDENTIFIER = denis.com.StoreSearchTests;
				PRODUCT_NAME = "$(TARGET_NAME)";
				SWIFT_VERSION = 4.2;
				TARGETED_DEVICE_FAMILY = "1,2";
				TEST_HOST = "$(BUILT_PRODUCTS_DIR)/StoreSearch.app/StoreSearch";
			};
			name = Debug;
		};
		39A526EB21F713F200F3A993 /* Release */ = {
			isa = XCBuildConfiguration;
			buildSettings = {
				ALWAYS_EMBED_SWIFT_STANDARD_LIBRARIES = YES;
				BUNDLE_LOADER = "$(TEST_HOST)";
				CODE_SIGN_STYLE = Automatic;
				INFOPLIST_FILE = StoreSearchTests/Info.plist;
				LD_RUNPATH_SEARCH_PATHS = (
					"$(inherited)",
					"@executable_path/Frameworks",
					"@loader_path/Frameworks",
				);
				PRODUCT_BUNDLE_IDENTIFIER = denis.com.StoreSearchTests;
				PRODUCT_NAME = "$(TARGET_NAME)";
				SWIFT_VERSION = 4.2;
				TARGETED_DEVICE_FAMILY = "1,2";
				TEST_HOST = "$(BUILT_PRODUCTS_DIR)/StoreSearch.app/StoreSearch";
			};
			name = Release;
		};
/* End XCBuildConfiguration section */

/* Begin XCConfigurationList section */
		39A526C421F713F000F3A993 /* Build configuration list for PBXProject "StoreSearch" */ = {
			isa = XCConfigurationList;
			buildConfigurations = (
				39A526E421F713F200F3A993 /* Debug */,
				39A526E521F713F200F3A993 /* Release */,
			);
			defaultConfigurationIsVisible = 0;
			defaultConfigurationName = Release;
		};
		39A526E621F713F200F3A993 /* Build configuration list for PBXNativeTarget "StoreSearch" */ = {
			isa = XCConfigurationList;
			buildConfigurations = (
				39A526E721F713F200F3A993 /* Debug */,
				39A526E821F713F200F3A993 /* Release */,
			);
			defaultConfigurationIsVisible = 0;
			defaultConfigurationName = Release;
		};
		39A526E921F713F200F3A993 /* Build configuration list for PBXNativeTarget "StoreSearchTests" */ = {
			isa = XCConfigurationList;
			buildConfigurations = (
				39A526EA21F713F200F3A993 /* Debug */,
				39A526EB21F713F200F3A993 /* Release */,
			);
			defaultConfigurationIsVisible = 0;
			defaultConfigurationName = Release;
		};
/* End XCConfigurationList section */
	};
	rootObject = 39A526C121F713F000F3A993 /* Project object */;
}
